
Microsoft Visual Studio Solution File, Format Version 12.00
# Visual Studio Version 17
VisualStudioVersion = 17.3.32519.111
MinimumVisualStudioVersion = 10.0.40219.1
Project("{FAE04EC0-301F-11D3-BF4B-00C04F79EFBC}") = "Demo.Api", "Demo.Api\Demo.Api.csproj", "{D57018C7-60DB-475C-9486-3B9D6CEA1040}"
EndProject
Global
	GlobalSection(SolutionConfigurationPlatforms) = preSolution
		Debug|Any CPU = Debug|Any CPU
		Release|Any CPU = Release|Any CPU
	EndGlobalSection
	GlobalSection(ProjectConfigurationPlatforms) = postSolution
		{D57018C7-60DB-475C-9486-3B9D6CEA1040}.Debug|Any CPU.ActiveCfg = Debug|Any CPU
		{D57018C7-60DB-475C-9486-3B9D6CEA1040}.Debug|Any CPU.Build.0 = Debug|Any CPU
		{D57018C7-60DB-475C-9486-3B9D6CEA1040}.Release|Any CPU.ActiveCfg = Release|Any CPU
		{D57018C7-60DB-475C-9486-3B9D6CEA1040}.Release|Any CPU.Build.0 = Release|Any CPU
	EndGlobalSection
	GlobalSection(SolutionProperties) = preSolution
		HideSolutionNode = FALSE
	EndGlobalSection
	GlobalSection(ExtensibilityGlobals) = postSolution
		SolutionGuid = {0E82DD80-BDD6-4025-89DC-F7F50161FEB3}
	EndGlobalSection
EndGlobal
